
Microsoft Visual Studio Solution File, Format Version 12.00
# Visual Studio 14
VisualStudioVersion = 14.0.24720.0
MinimumVisualStudioVersion = 10.0.40219.1
Project("{2150E333-8FDC-42A3-9474-1A3956D46DE8}") = "Tests", "Tests", "{E90CFF3B-2E47-4524-B300-68488FAB5F19}"
EndProject
Project("{FAE04EC0-301F-11D3-BF4B-00C04F79EFBC}") = "DGavian.GapFiller", "DGavian.GapFiller\DGavian.GapFiller.csproj", "{94E96BEA-0C62-4078-9010-7CE6E09EB699}"
EndProject
Project("{FAE04EC0-301F-11D3-BF4B-00C04F79EFBC}") = "DGavian.GapFiller.UnitTests", "DGavian.GapFiller.UnitTests\DGavian.GapFiller.UnitTests.csproj", "{6722FD99-078A-487E-8F80-14884040C3AA}"
EndProject
Global
	GlobalSection(SolutionConfigurationPlatforms) = preSolution
		Debug|Any CPU = Debug|Any CPU
		Release|Any CPU = Release|Any CPU
	EndGlobalSection
	GlobalSection(ProjectConfigurationPlatforms) = postSolution
		{94E96BEA-0C62-4078-9010-7CE6E09EB699}.Debug|Any CPU.ActiveCfg = Debug|Any CPU
		{94E96BEA-0C62-4078-9010-7CE6E09EB699}.Debug|Any CPU.Build.0 = Debug|Any CPU
		{94E96BEA-0C62-4078-9010-7CE6E09EB699}.Release|Any CPU.ActiveCfg = Release|Any CPU
		{94E96BEA-0C62-4078-9010-7CE6E09EB699}.Release|Any CPU.Build.0 = Release|Any CPU
		{6722FD99-078A-487E-8F80-14884040C3AA}.Debug|Any CPU.ActiveCfg = Debug|Any CPU
		{6722FD99-078A-487E-8F80-14884040C3AA}.Debug|Any CPU.Build.0 = Debug|Any CPU
		{6722FD99-078A-487E-8F80-14884040C3AA}.Release|Any CPU.ActiveCfg = Release|Any CPU
		{6722FD99-078A-487E-8F80-14884040C3AA}.Release|Any CPU.Build.0 = Release|Any CPU
	EndGlobalSection
	GlobalSection(SolutionProperties) = preSolution
		HideSolutionNode = FALSE
	EndGlobalSection
EndGlobal
